{
    "_readme": [
        "This file locks the dependencies of your project to a known state",
        "Read more about it at https://getcomposer.org/doc/01-basic-usage.md#composer-lock-the-lock-file",
        "This file is @generated automatically"
    ],
    "content-hash": "66e9d29e265fa01fa876bdcf44ac61a3",
    "packages": [
        {
            "name": "interswitch/interswitch",
            "version": "dev-master",
            "source": {
                "type": "git",
                "url": "https://github.com/techquest/interswitch_php.git",
                "reference": "e4fb2cfde08d48f9cbbc73aa2a015361e31b35e4"
            },
            "dist": {
                "type": "zip",
                "url": "https://api.github.com/repos/techquest/interswitch_php/zipball/e4fb2cfde08d48f9cbbc73aa2a015361e31b35e4",
                "reference": "e4fb2cfde08d48f9cbbc73aa2a015361e31b35e4",
                "shasum": ""
            },
            "require": {
                "php": "^5.3.3 || ^7.0"
            },
            "type": "library",
            "autoload": {
                "psr-4": {
                    "Interswitch\\": "src/"
                }
            },
            "notification-url": "https://packagist.org/downloads/",
            "license": [
                "ISC"
            ],
            "authors": [
                {
                    "name": "Lekan Omotayo",
                    "email": "developer@interswitchgroup.com"
                },
                {
                    "name": "Abiola Adebanjo",
                    "email": "developer@interswitchgroup.com"
                },
                {
                    "name": "Ugochukwu Okeke",
                    "email": "developer@interswitchgroup.com"
                }
            ],
            "description": "An Interswitch SDK.",
            "time": "2017-03-06 14:38:49"
        }
    ],
    "packages-dev": [],
    "aliases": [],
    "minimum-stability": "stable",
    "stability-flags": {
        "interswitch/interswitch": 20
    },
    "prefer-stable": false,
    "prefer-lowest": false,
    "platform": [],
    "platform-dev": []
}
